{
  "provider_schemas": {
    "huaweicloud/huaweicloud": {
      "resource_schemas": {
        "huaweicloud_identity_user_token": {
          "block": {
            "attributes": {
              "account_name": {
                "type": "string",
                "description": "The account name to which the IAM user belongs.",
                "required": true
              },
              "expires_at": {
                "type": "string",
                "description": "The Time when the token will expire.",
                "computed": true
              },
              "id": {
                "type": "string",
                "computed": true
              },
              "password": {
                "type": "string",
                "description": "The IAM user password.",
                "required": true,
                "sensitive": true
              },
              "project_name": {
                "type": "string",
                "description": "The project name.",
                "optional": true
              },
              "token": {
                "type": "string",
                "description": "The token of the IAM user.",
                "computed": true
              },
              "user_name": {
                "type": "string",
                "description": "The IAM user name.",
                "required": true
              }
            }
          },
          "product": {
            "short": "IAM",
            "name": "Identity and Access Management",
            "catalog": "Management & Governance",
            "name_cn": "统一身份认证服务",
            "catalog_cn": "管理与监管"
          }
        }
      }
    }
  }
}
