{
  "provider_schemas": {
    "huaweicloud/huaweicloud": {
      "resource_schemas": {
        "huaweicloud_identityv5_password_policy": {
          "block": {
            "attributes": {
              "allow_user_to_change_password": {
                "type": "bool",
                "description": "Whether IAM users are allowed to change their own passwords.",
                "optional": true,
                "default": true
              },
              "id": {
                "type": "string",
                "computed": true
              },
              "maximum_consecutive_identical_chars": {
                "type": "number",
                "description": "The maximum number of consecutive identical characters.",
                "optional": true,
                "computed": true
              },
              "maximum_password_length": {
                "type": "number",
                "description": "The maximum number of characters that a password can contain.",
                "computed": true
              },
              "minimum_password_age": {
                "type": "number",
                "description": "The minimum password usage time, in minutes.",
                "optional": true,
                "computed": true
              },
              "minimum_password_length": {
                "type": "number",
                "description": "The minimum number of characters that a password must contain.",
                "optional": true,
                "default": 8
              },
              "password_char_combination": {
                "type": "number",
                "description": "The minimum number of character types that a password must contain.",
                "optional": true,
                "default": 2
              },
              "password_not_username_or_invert": {
                "type": "bool",
                "description": "Whether the password can be the username or the username spelled backwards.",
                "optional": true,
                "default": true
              },
              "password_requirements": {
                "type": "string",
                "description": "The requirements of character that passwords must include.",
                "computed": true
              },
              "password_reuse_prevention": {
                "type": "number",
                "description": "The password cannot be repeated with historical for a certain number of times.",
                "optional": true,
                "default": 1
              },
              "password_validity_period": {
                "type": "number",
                "description": "The password validity period, in days.",
                "optional": true,
                "computed": true
              }
            }
          }
        }
      }
    }
  }
}
