{
  "provider_schemas": {
    "huaweicloud/huaweicloud": {
      "resource_schemas": {
        "huaweicloud_identity_password_policy": {
          "block": {
            "attributes": {
              "id": {
                "type": "string",
                "computed": true
              },
              "maximum_consecutive_identical_chars": {
                "type": "number",
                "description": "The maximum number of times that a character is allowed to consecutively present in a password.",
                "optional": true,
                "computed": true
              },
              "maximum_password_length": {
                "type": "number",
                "description": "The maximum number of characters that a password can contain.",
                "computed": true
              },
              "minimum_password_age": {
                "type": "number",
                "description": "The minimum period (minutes) after which users are allowed to make a password change.",
                "optional": true,
                "computed": true
              },
              "minimum_password_length": {
                "type": "number",
                "description": "The minimum number of characters that a password must contain.",
                "optional": true,
                "default": 8
              },
              "number_of_recent_passwords_disallowed": {
                "type": "number",
                "description": "The member of previously used passwords that are not allowed.",
                "optional": true,
                "default": 1
              },
              "password_char_combination": {
                "type": "number",
                "description": "The minimum number of character types that a password must contain.",
                "optional": true,
                "default": 2
              },
              "password_not_username_or_invert": {
                "type": "bool",
                "description": "Whether the password can be the username or the username spelled backwards.",
                "optional": true,
                "default": true
              },
              "password_validity_period": {
                "type": "number",
                "description": "The password validity period (days).",
                "optional": true,
                "computed": true
              }
            }
          },
          "product": {
            "short": "IAM",
            "name": "Identity and Access Management",
            "catalog": "Management & Governance",
            "name_cn": "统一身份认证服务",
            "catalog_cn": "管理与监管"
          }
        }
      }
    }
  }
}
